{
  "name": "backend",
  "lockfileVersion": 3,
  "requires": true,
  "packages": {
    "": {
      "dependencies": {
        "backend": "file:.."
      }
    },
    "..": {
      "version": "1.0.0",
      "license": "ISC",
      "dependencies": {
        "archiver": "^7.0.1",
        "bcryptjs": "^3.0.2",
        "cors": "^2.8.5",
        "dotenv": "^17.0.1",
        "express": "^5.1.0",
        "joi": "^17.13.3",
        "jsonwebtoken": "^9.0.2",
        "mysql2": "^3.14.1",
        "nodemon": "^3.1.10",
        "sequelize": "^6.37.7"
      }
    },
    "node_modules/backend": {
      "resolved": "..",
      "link": true
    }
  }
}
